
Microsoft Visual Studio Solution File, Format Version 12.00
# Visual Studio Version 17
VisualStudioVersion = 17.7.34031.279
MinimumVisualStudioVersion = 10.0.40219.1
Project("{FAE04EC0-301F-11D3-BF4B-00C04F79EFBC}") = "Squadbuilder", "Squadbuilder\Squadbuilder.csproj", "{BD32C2F4-AD5E-41B1-9201-D6071B033A28}"
EndProject
Global
	GlobalSection(SolutionConfigurationPlatforms) = preSolution
		Debug|Any CPU = Debug|Any CPU
		Release|Any CPU = Release|Any CPU
	EndGlobalSection
	GlobalSection(ProjectConfigurationPlatforms) = postSolution
		{BD32C2F4-AD5E-41B1-9201-D6071B033A28}.Debug|Any CPU.ActiveCfg = Debug|Any CPU
		{BD32C2F4-AD5E-41B1-9201-D6071B033A28}.Debug|Any CPU.Build.0 = Debug|Any CPU
		{BD32C2F4-AD5E-41B1-9201-D6071B033A28}.Release|Any CPU.ActiveCfg = Release|Any CPU
		{BD32C2F4-AD5E-41B1-9201-D6071B033A28}.Release|Any CPU.Build.0 = Release|Any CPU
	EndGlobalSection
	GlobalSection(SolutionProperties) = preSolution
		HideSolutionNode = FALSE
	EndGlobalSection
	GlobalSection(ExtensibilityGlobals) = postSolution
		SolutionGuid = {BE5B3746-4D83-43F5-8B78-937C30D4A29F}
	EndGlobalSection
EndGlobal
